
Microsoft Visual Studio Solution File, Format Version 12.00
# Visual Studio 15
VisualStudioVersion = 15.0.26430.14
MinimumVisualStudioVersion = 10.0.40219.1
Project("{FAE04EC0-301F-11D3-BF4B-00C04F79EFBC}") = "Serial", "Serial\Serial.csproj", "{0FA5C9F2-960A-487E-B369-3C1FA61BD83E}"
EndProject
Global
	GlobalSection(SolutionConfigurationPlatforms) = preSolution
		Debug|Any CPU = Debug|Any CPU
		Release|Any CPU = Release|Any CPU
	EndGlobalSection
	GlobalSection(ProjectConfigurationPlatforms) = postSolution
		{0FA5C9F2-960A-487E-B369-3C1FA61BD83E}.Debug|Any CPU.ActiveCfg = Debug|Any CPU
		{0FA5C9F2-960A-487E-B369-3C1FA61BD83E}.Debug|Any CPU.Build.0 = Debug|Any CPU
		{0FA5C9F2-960A-487E-B369-3C1FA61BD83E}.Release|Any CPU.ActiveCfg = Release|Any CPU
		{0FA5C9F2-960A-487E-B369-3C1FA61BD83E}.Release|Any CPU.Build.0 = Release|Any CPU
	EndGlobalSection
	GlobalSection(SolutionProperties) = preSolution
		HideSolutionNode = FALSE
	EndGlobalSection
EndGlobal
